Microsoft Visual Studio Solution File, Format Version 12.00
# Visual Studio Version 17
VisualStudioVersion = 17.0.31903.59
MinimumVisualStudioVersion = 10.0.40219.1
Project("{2150E333-8FDC-42A3-9474-1A3956D46DE8}") = "src", "src", "{E1FFFF3C-092B-4468-8414-6A61DD75673C}"
EndProject
Project("{9A19103F-16F7-4668-BE54-9A1E7A4F7556}") = "Finfusion.Domain", "D:\Apical Automate\FinFusion\src\Finfusion.Domain\Finfusion.Domain.csproj", "{F179F3BB-5A4A-4DCD-AF31-F09BA4898CCD}"
EndProject
Project("{FAE04EC0-301F-11D3-BF4B-00C04F79EFBC}") = "Finfusion.Core", "src\Finfusion.Core\Finfusion.Core.csproj", "{B9478142-76D2-4E67-89E8-56F8C3EC9B7C}"
EndProject
Global
	GlobalSection(ExtensibilityGlobals) = postSolution
		SolutionGuid = {9B4D609F-6CC3-41E2-AA97-FD0BCD6F196D}
	EndGlobalSection
	GlobalSection(NestedProjects) = preSolution
		{B9478142-76D2-4E67-89E8-56F8C3EC9B7C} = {E1FFFF3C-092B-4468-8414-6A61DD75673C}
		{F179F3BB-5A4A-4DCD-AF31-F09BA4898CCD} = {E1FFFF3C-092B-4468-8414-6A61DD75673C}
	EndGlobalSection
	GlobalSection(ProjectConfigurationPlatforms) = postSolution
		{B9478142-76D2-4E67-89E8-56F8C3EC9B7C}.Debug|Any CPU.ActiveCfg = Debug|Any CPU
		{B9478142-76D2-4E67-89E8-56F8C3EC9B7C}.Debug|Any CPU.Build.0 = Debug|Any CPU
		{B9478142-76D2-4E67-89E8-56F8C3EC9B7C}.Release|Any CPU.ActiveCfg = Release|Any CPU
		{B9478142-76D2-4E67-89E8-56F8C3EC9B7C}.Release|Any CPU.Build.0 = Release|Any CPU
		{F179F3BB-5A4A-4DCD-AF31-F09BA4898CCD}.Debug|Any CPU.ActiveCfg = Debug|Any CPU
		{F179F3BB-5A4A-4DCD-AF31-F09BA4898CCD}.Debug|Any CPU.Build.0 = Debug|Any CPU
		{F179F3BB-5A4A-4DCD-AF31-F09BA4898CCD}.Release|Any CPU.ActiveCfg = Release|Any CPU
		{F179F3BB-5A4A-4DCD-AF31-F09BA4898CCD}.Release|Any CPU.Build.0 = Release|Any CPU
	EndGlobalSection
	GlobalSection(SolutionConfigurationPlatforms) = preSolution
		Debug|Any CPU = Debug|Any CPU
		Release|Any CPU = Release|Any CPU
	EndGlobalSection
	GlobalSection(SolutionProperties) = preSolution
		HideSolutionNode = FALSE
	EndGlobalSection
EndGlobal
